{
  "name": "genius-website",
  "version": "1.0.0",
  "lockfileVersion": 3,
  "requires": true,
  "packages": {
    "": {
      "name": "genius-website",
      "version": "1.0.0",
      "license": "ISC",
      "devDependencies": {
        "hugo-extended": "^0.154.5",
        "sass-embedded": "^1.97.2"
      },
      "optionalDependencies": {
        "sass-embedded-linux-x64": "^1.97.2",
        "sass-embedded-win32-x64": "^1.97.2"
      }
    },
    "node_modules/@bufbuild/protobuf": {
      "version": "2.10.1",
      "resolved": "https://registry.npmjs.org/@bufbuild/protobuf/-/protobuf-2.10.1.tgz",
      "integrity": "sha512-ckS3+vyJb5qGpEYv/s1OebUHDi/xSNtfgw1wqKZo7MR9F2z+qXr0q5XagafAG/9O0QPVIUfST0smluYSTpYFkg==",
      "dev": true
    },
    "node_modules/@isaacs/fs-minipass": {
      "version": "4.0.1",
      "resolved": "https://registry.npmjs.org/@isaacs/fs-minipass/-/fs-minipass-4.0.1.tgz",
      "integrity": "sha512-wgm9Ehl2jpeqP3zw/7mo3kRHFp5MEDhqAdwy1fTGkHAwnkGOVsgpvQhL8B5n1qlb01jV3n/bI0ZfZp5lWA1k4w==",
      "dev": true,
      "dependencies": {
        "minipass": "^7.0.4"
      },
      "engines": {
        "node": ">=18.0.0"
      }
    },
    "node_modules/adm-zip": {
      "version": "0.5.16",
      "resolved": "https://registry.npmjs.org/adm-zip/-/adm-zip-0.5.16.tgz",
      "integrity": "sha512-TGw5yVi4saajsSEgz25grObGHEUaDrniwvA2qwSC060KfqGPdglhvPMA2lPIoxs3PQIItj2iag35fONcQqgUaQ==",
      "dev": true,
      "engines": {
        "node": ">=12.0"
      }
    },
    "node_modules/buffer-builder": {
      "version": "0.2.0",
      "resolved": "https://registry.npmjs.org/buffer-builder/-/buffer-builder-0.2.0.tgz",
      "integrity": "sha512-7VPMEPuYznPSoR21NE1zvd2Xna6c/CloiZCfcMXR1Jny6PjX0N4Nsa38zcBFo/FMK+BlA+FLKbJCQ0i2yxp+Xg==",
      "dev": true
    },
    "node_modules/chownr": {
      "version": "3.0.0",
      "resolved": "https://registry.npmjs.org/chownr/-/chownr-3.0.0.tgz",
      "integrity": "sha512-+IxzY9BZOQd/XuYPRmrvEVjF/nqj5kgT4kEq7VofrDoM1MxoRjEWkrCC3EtLi59TVawxTAn+orJwFQcrqEN1+g==",
      "dev": true,
      "engines": {
        "node": ">=18"
      }
    },
    "node_modules/colorjs.io": {
      "version": "0.5.2",
      "resolved": "https://registry.npmjs.org/colorjs.io/-/colorjs.io-0.5.2.tgz",
      "integrity": "sha512-twmVoizEW7ylZSN32OgKdXRmo1qg+wT5/6C3xu5b9QsWzSFAhHLn2xd8ro0diCsKfCj1RdaTP/nrcW+vAoQPIw==",
      "dev": true
    },
    "node_modules/has-flag": {
      "version": "4.0.0",
      "resolved": "https://registry.npmjs.org/has-flag/-/has-flag-4.0.0.tgz",
      "integrity": "sha512-EykJT/Q1KjTWctppgIAgfSO0tKVuZUjhgMr17kqTumMl6Afv3EISleU7qZUzoXDFTAHTDC4NOoG/ZxU3EvlMPQ==",
      "dev": true,
      "engines": {
        "node": ">=8"
      }
    },
    "node_modules/hugo-extended": {
      "version": "0.154.5",
      "resolved": "https://registry.npmjs.org/hugo-extended/-/hugo-extended-0.154.5.tgz",
      "integrity": "sha512-Fhrdwz/+CtuUMVWXTJEnyh2EPKV4Gxnq3Ia2kfSsW+hBAt2P4aMIVQRHQ2pTfqO1/Kx7Z0+7AHyA7vRFuFlcNg==",
      "dev": true,
      "hasInstallScript": true,
      "dependencies": {
        "adm-zip": "^0.5.16",
        "tar": "^7.5.2"
      },
      "bin": {
        "hugo": "dist/cli.mjs",
        "hugo-extended": "dist/cli.mjs"
      },
      "engines": {
        "node": ">=18.17"
      }
    },
    "node_modules/immutable": {
      "version": "5.1.4",
      "resolved": "https://registry.npmjs.org/immutable/-/immutable-5.1.4.tgz",
      "integrity": "sha512-p6u1bG3YSnINT5RQmx/yRZBpenIl30kVxkTLDyHLIMk0gict704Q9n+thfDI7lTRm9vXdDYutVzXhzcThxTnXA==",
      "dev": true
    },
    "node_modules/minipass": {
      "version": "7.1.2",
      "resolved": "https://registry.npmjs.org/minipass/-/minipass-7.1.2.tgz",
      "integrity": "sha512-qOOzS1cBTWYF4BH8fVePDBOO9iptMnGUEZwNc/cMWnTV2nVLZ7VoNWEPHkYczZA0pdoA7dl6e7FL659nX9S2aw==",
      "dev": true,
      "engines": {
        "node": ">=16 || 14 >=14.17"
      }
    },
    "node_modules/minizlib": {
      "version": "3.1.0",
      "resolved": "https://registry.npmjs.org/minizlib/-/minizlib-3.1.0.tgz",
      "integrity": "sha512-KZxYo1BUkWD2TVFLr0MQoM8vUUigWD3LlD83a/75BqC+4qE0Hb1Vo5v1FgcfaNXvfXzr+5EhQ6ing/CaBijTlw==",
      "dev": true,
      "dependencies": {
        "minipass": "^7.1.2"
      },
      "engines": {
        "node": ">= 18"
      }
    },
    "node_modules/rxjs": {
      "version": "7.8.2",
      "resolved": "https://registry.npmjs.org/rxjs/-/rxjs-7.8.2.tgz",
      "integrity": "sha512-dhKf903U/PQZY6boNNtAGdWbG85WAbjT/1xYoZIC7FAY0yWapOBQVsVrDl58W86//e1VpMNBtRV4MaXfdMySFA==",
      "dev": true,
      "dependencies": {
        "tslib": "^2.1.0"
      }
    },
    "node_modules/sass-embedded": {
      "version": "1.97.2",
      "resolved": "https://registry.npmjs.org/sass-embedded/-/sass-embedded-1.97.2.tgz",
      "integrity": "sha512-lKJcskySwAtJ4QRirKrikrWMFa2niAuaGenY2ElHjd55IwHUiur5IdKu6R1hEmGYMs4Qm+6rlRW0RvuAkmcryg==",
      "dev": true,
      "dependencies": {
        "@bufbuild/protobuf": "^2.5.0",
        "buffer-builder": "^0.2.0",
        "colorjs.io": "^0.5.0",
        "immutable": "^5.0.2",
        "rxjs": "^7.4.0",
        "supports-color": "^8.1.1",
        "sync-child-process": "^1.0.2",
        "varint": "^6.0.0"
      },
      "bin": {
        "sass": "dist/bin/sass.js"
      },
      "engines": {
        "node": ">=16.0.0"
      },
      "optionalDependencies": {
        "sass-embedded-all-unknown": "1.97.2",
        "sass-embedded-android-arm": "1.97.2",
        "sass-embedded-android-arm64": "1.97.2",
        "sass-embedded-android-riscv64": "1.97.2",
        "sass-embedded-android-x64": "1.97.2",
        "sass-embedded-darwin-arm64": "1.97.2",
        "sass-embedded-darwin-x64": "1.97.2",
        "sass-embedded-linux-arm": "1.97.2",
        "sass-embedded-linux-arm64": "1.97.2",
        "sass-embedded-linux-musl-arm": "1.97.2",
        "sass-embedded-linux-musl-arm64": "1.97.2",
        "sass-embedded-linux-musl-riscv64": "1.97.2",
        "sass-embedded-linux-musl-x64": "1.97.2",
        "sass-embedded-linux-riscv64": "1.97.2",
        "sass-embedded-linux-x64": "1.97.2",
        "sass-embedded-unknown-all": "1.97.2",
        "sass-embedded-win32-arm64": "1.97.2",
        "sass-embedded-win32-x64": "1.97.2"
      }
    },
    "node_modules/sass-embedded-android-arm": {
      "version": "1.97.2",
      "resolved": "https://registry.npmjs.org/sass-embedded-android-arm/-/sass-embedded-android-arm-1.97.2.tgz",
      "integrity": "sha512-BPT9m19ttY0QVHYYXRa6bmqmS3Fa2EHByNUEtSVcbm5PkIk1ntmYkG9fn5SJpIMbNmFDGwHx+pfcZMmkldhnRg==",
      "cpu": [
        "arm"
      ],
      "dev": true,
      "optional": true,
      "os": [
        "android"
      ],
      "engines": {
        "node": ">=14.0.0"
      }
    },
    "node_modules/sass-embedded-android-arm64": {
      "version": "1.97.2",
      "resolved": "https://registry.npmjs.org/sass-embedded-android-arm64/-/sass-embedded-android-arm64-1.97.2.tgz",
      "integrity": "sha512-pF6I+R5uThrscd3lo9B3DyNTPyGFsopycdx0tDAESN6s+dBbiRgNgE4Zlpv50GsLocj/lDLCZaabeTpL3ubhYA==",
      "cpu": [
        "arm64"
      ],
      "dev": true,
      "optional": true,
      "os": [
        "android"
      ],
      "engines": {
        "node": ">=14.0.0"
      }
    },
    "node_modules/sass-embedded-android-riscv64": {
      "version": "1.97.2",
      "resolved": "https://registry.npmjs.org/sass-embedded-android-riscv64/-/sass-embedded-android-riscv64-1.97.2.tgz",
      "integrity": "sha512-fprI8ZTJdz+STgARhg8zReI2QhhGIT9G8nS7H21kc3IkqPRzhfaemSxEtCqZyvDbXPcgYiDLV7AGIReHCuATog==",
      "cpu": [
        "riscv64"
      ],
      "dev": true,
      "optional": true,
      "os": [
        "android"
      ],
      "engines": {
        "node": ">=14.0.0"
      }
    },
    "node_modules/sass-embedded-android-x64": {
      "version": "1.97.2",
      "resolved": "https://registry.npmjs.org/sass-embedded-android-x64/-/sass-embedded-android-x64-1.97.2.tgz",
      "integrity": "sha512-RswwSjURZxupsukEmNt2t6RGvuvIw3IAD5sDq1Pc65JFvWFY3eHqCmH0lG0oXqMg6KJcF0eOxHOp2RfmIm2+4w==",
      "cpu": [
        "x64"
      ],
      "dev": true,
      "optional": true,
      "os": [
        "android"
      ],
      "engines": {
        "node": ">=14.0.0"
      }
    },
    "node_modules/sass-embedded-darwin-arm64": {
      "version": "1.97.2",
      "resolved": "https://registry.npmjs.org/sass-embedded-darwin-arm64/-/sass-embedded-darwin-arm64-1.97.2.tgz",
      "integrity": "sha512-xcsZNnU1XZh21RE/71OOwNqPVcGBU0qT9A4k4QirdA34+ts9cDIaR6W6lgHOBR/Bnnu6w6hXJR4Xth7oFrefPA==",
      "cpu": [
        "arm64"
      ],
      "dev": true,
      "optional": true,
      "os": [
        "darwin"
      ],
      "engines": {
        "node": ">=14.0.0"
      }
    },
    "node_modules/sass-embedded-darwin-x64": {
      "version": "1.97.2",
      "resolved": "https://registry.npmjs.org/sass-embedded-darwin-x64/-/sass-embedded-darwin-x64-1.97.2.tgz",
      "integrity": "sha512-T/9DTMpychm6+H4slHCAsYJRJ6eM+9H9idKlBPliPrP4T8JdC2Cs+ZOsYqrObj6eOtAD0fGf+KgyNhnW3xVafA==",
      "cpu": [
        "x64"
      ],
      "dev": true,
      "optional": true,
      "os": [
        "darwin"
      ],
      "engines": {
        "node": ">=14.0.0"
      }
    },
    "node_modules/sass-embedded-linux-arm": {
      "version": "1.97.2",
      "resolved": "https://registry.npmjs.org/sass-embedded-linux-arm/-/sass-embedded-linux-arm-1.97.2.tgz",
      "integrity": "sha512-yDRe1yifGHl6kibkDlRIJ2ZzAU03KJ1AIvsAh4dsIDgK5jx83bxZLV1ZDUv7a8KK/iV/80LZnxnu/92zp99cXQ==",
      "cpu": [
        "arm"
      ],
      "dev": true,
      "optional": true,
      "os": [
        "linux"
      ],
      "engines": {
        "node": ">=14.0.0"
      }
    },
    "node_modules/sass-embedded-linux-arm64": {
      "version": "1.97.2",
      "resolved": "https://registry.npmjs.org/sass-embedded-linux-arm64/-/sass-embedded-linux-arm64-1.97.2.tgz",
      "integrity": "sha512-Wh+nQaFer9tyE5xBPv5murSUZE/+kIcg8MyL5uqww6be9Iq+UmZpcJM7LUk+q8klQ9LfTmoDSNFA74uBqxD6IA==",
      "cpu": [
        "arm64"
      ],
      "dev": true,
      "optional": true,
      "os": [
        "linux"
      ],
      "engines": {
        "node": ">=14.0.0"
      }
    },
    "node_modules/sass-embedded-linux-musl-arm": {
      "version": "1.97.2",
      "resolved": "https://registry.npmjs.org/sass-embedded-linux-musl-arm/-/sass-embedded-linux-musl-arm-1.97.2.tgz",
      "integrity": "sha512-GIO6xfAtahJAWItvsXZ3MD1HM6s8cKtV1/HL088aUpKJaw/2XjTCveiOO2AdgMpLNztmq9DZ1lx5X5JjqhS45g==",
      "cpu": [
        "arm"
      ],
      "dev": true,
      "optional": true,
      "os": [
        "linux"
      ],
      "engines": {
        "node": ">=14.0.0"
      }
    },
    "node_modules/sass-embedded-linux-musl-arm64": {
      "version": "1.97.2",
      "resolved": "https://registry.npmjs.org/sass-embedded-linux-musl-arm64/-/sass-embedded-linux-musl-arm64-1.97.2.tgz",
      "integrity": "sha512-NfUqZSjHwnHvpSa7nyNxbWfL5obDjNBqhHUYmqbHUcmqBpFfHIQsUPgXME9DKn1yBlBc3mWnzMxRoucdYTzd2Q==",
      "cpu": [
        "arm64"
      ],
      "dev": true,
      "optional": true,
      "os": [
        "linux"
      ],
      "engines": {
        "node": ">=14.0.0"
      }
    },
    "node_modules/sass-embedded-linux-musl-riscv64": {
      "version": "1.97.2",
      "resolved": "https://registry.npmjs.org/sass-embedded-linux-musl-riscv64/-/sass-embedded-linux-musl-riscv64-1.97.2.tgz",
      "integrity": "sha512-qtM4dJ5gLfvyTZ3QencfNbsTEShIWImSEpkThz+Y2nsCMbcMP7/jYOA03UWgPfEOKSehQQ7EIau7ncbFNoDNPQ==",
      "cpu": [
        "riscv64"
      ],
      "dev": true,
      "optional": true,
      "os": [
        "linux"
      ],
      "engines": {
        "node": ">=14.0.0"
      }
    },
    "node_modules/sass-embedded-linux-musl-x64": {
      "version": "1.97.2",
      "resolved": "https://registry.npmjs.org/sass-embedded-linux-musl-x64/-/sass-embedded-linux-musl-x64-1.97.2.tgz",
      "integrity": "sha512-ZAxYOdmexcnxGnzdsDjYmNe3jGj+XW3/pF/n7e7r8y+5c6D2CQRrCUdapLgaqPt1edOPQIlQEZF8q5j6ng21yw==",
      "cpu": [
        "x64"
      ],
      "dev": true,
      "optional": true,
      "os": [
        "linux"
      ],
      "engines": {
        "node": ">=14.0.0"
      }
    },
    "node_modules/sass-embedded-linux-riscv64": {
      "version": "1.97.2",
      "resolved": "https://registry.npmjs.org/sass-embedded-linux-riscv64/-/sass-embedded-linux-riscv64-1.97.2.tgz",
      "integrity": "sha512-reVwa9ZFEAOChXpDyNB3nNHHyAkPMD+FTctQKECqKiVJnIzv2EaFF6/t0wzyvPgBKeatA8jszAIeOkkOzbYVkQ==",
      "cpu": [
        "riscv64"
      ],
      "dev": true,
      "optional": true,
      "os": [
        "linux"
      ],
      "engines": {
        "node": ">=14.0.0"
      }
    },
    "node_modules/sass-embedded-linux-x64": {
      "version": "1.97.2",
      "resolved": "https://registry.npmjs.org/sass-embedded-linux-x64/-/sass-embedded-linux-x64-1.97.2.tgz",
      "integrity": "sha512-bvAdZQsX3jDBv6m4emaU2OMTpN0KndzTAMgJZZrKUgiC0qxBmBqbJG06Oj/lOCoXGCxAvUOheVYpezRTF+Feog==",
      "cpu": [
        "x64"
      ],
      "optional": true,
      "os": [
        "linux"
      ],
      "engines": {
        "node": ">=14.0.0"
      }
    },
    "node_modules/sass-embedded-win32-arm64": {
      "version": "1.97.2",
      "resolved": "https://registry.npmjs.org/sass-embedded-win32-arm64/-/sass-embedded-win32-arm64-1.97.2.tgz",
      "integrity": "sha512-Cv28q8qNjAjZfqfzTrQvKf4JjsZ6EOQ5FxyHUQQeNzm73R86nd/8ozDa1Vmn79Hq0kwM15OCM9epanDuTG1ksA==",
      "cpu": [
        "arm64"
      ],
      "dev": true,
      "optional": true,
      "os": [
        "win32"
      ],
      "engines": {
        "node": ">=14.0.0"
      }
    },
    "node_modules/sass-embedded-win32-x64": {
      "version": "1.97.2",
      "resolved": "https://registry.npmjs.org/sass-embedded-win32-x64/-/sass-embedded-win32-x64-1.97.2.tgz",
      "integrity": "sha512-DVxLxkeDCGIYeyHLAvWW3yy9sy5Ruk5p472QWiyfyyG1G1ASAR8fgfIY5pT0vE6Rv+VAKVLwF3WTspUYu7S1/Q==",
      "cpu": [
        "x64"
      ],
      "optional": true,
      "os": [
        "win32"
      ],
      "engines": {
        "node": ">=14.0.0"
      }
    },
    "node_modules/supports-color": {
      "version": "8.1.1",
      "resolved": "https://registry.npmjs.org/supports-color/-/supports-color-8.1.1.tgz",
      "integrity": "sha512-MpUEN2OodtUzxvKQl72cUF7RQ5EiHsGvSsVG0ia9c5RbWGL2CI4C7EpPS8UTBIplnlzZiNuV56w+FuNxy3ty2Q==",
      "dev": true,
      "dependencies": {
        "has-flag": "^4.0.0"
      },
      "engines": {
        "node": ">=10"
      },
      "funding": {
        "url": "https://github.com/chalk/supports-color?sponsor=1"
      }
    },
    "node_modules/sync-child-process": {
      "version": "1.0.2",
      "resolved": "https://registry.npmjs.org/sync-child-process/-/sync-child-process-1.0.2.tgz",
      "integrity": "sha512-8lD+t2KrrScJ/7KXCSyfhT3/hRq78rC0wBFqNJXv3mZyn6hW2ypM05JmlSvtqRbeq6jqA94oHbxAr2vYsJ8vDA==",
      "dev": true,
      "dependencies": {
        "sync-message-port": "^1.0.0"
      },
      "engines": {
        "node": ">=16.0.0"
      }
    },
    "node_modules/sync-message-port": {
      "version": "1.1.3",
      "resolved": "https://registry.npmjs.org/sync-message-port/-/sync-message-port-1.1.3.tgz",
      "integrity": "sha512-GTt8rSKje5FilG+wEdfCkOcLL7LWqpMlr2c3LRuKt/YXxcJ52aGSbGBAdI4L3aaqfrBt6y711El53ItyH1NWzg==",
      "dev": true,
      "engines": {
        "node": ">=16.0.0"
      }
    },
    "node_modules/tar": {
      "version": "7.5.2",
      "resolved": "https://registry.npmjs.org/tar/-/tar-7.5.2.tgz",
      "integrity": "sha512-7NyxrTE4Anh8km8iEy7o0QYPs+0JKBTj5ZaqHg6B39erLg0qYXN3BijtShwbsNSvQ+LN75+KV+C4QR/f6Gwnpg==",
      "dev": true,
      "dependencies": {
        "@isaacs/fs-minipass": "^4.0.0",
        "chownr": "^3.0.0",
        "minipass": "^7.1.2",
        "minizlib": "^3.1.0",
        "yallist": "^5.0.0"
      },
      "engines": {
        "node": ">=18"
      }
    },
    "node_modules/tslib": {
      "version": "2.8.1",
      "resolved": "https://registry.npmjs.org/tslib/-/tslib-2.8.1.tgz",
      "integrity": "sha512-oJFu94HQb+KVduSUQL7wnpmqnfmLsOA/nAh6b6EH0wCEoK0/mPeXU6c3wKDV83MkOuHPRHtSXKKU99IBazS/2w==",
      "dev": true
    },
    "node_modules/varint": {
      "version": "6.0.0",
      "resolved": "https://registry.npmjs.org/varint/-/varint-6.0.0.tgz",
      "integrity": "sha512-cXEIW6cfr15lFv563k4GuVuW/fiwjknytD37jIOLSdSWuOI6WnO/oKwmP2FQTU2l01LP8/M5TSAJpzUaGe3uWg==",
      "dev": true
    },
    "node_modules/yallist": {
      "version": "5.0.0",
      "resolved": "https://registry.npmjs.org/yallist/-/yallist-5.0.0.tgz",
      "integrity": "sha512-YgvUTfwqyc7UXVMrB+SImsVYSmTS8X/tSrtdNZMImM+n7+QTriRXyXim0mBrTXNeqzVF0KWGgHPeiyViFFrNDw==",
      "dev": true,
      "engines": {
        "node": ">=18"
      }
    }
  }
}
